
Microsoft Visual Studio Solution File, Format Version 12.00
# Visual Studio Version 17
VisualStudioVersion = 17.8.34330.188
MinimumVisualStudioVersion = 10.0.40219.1
Project("{9A19103F-16F7-4668-BE54-9A1E7A4F7556}") = "VacaBook.Web", "VacaBookWeb\VacaBook.Web.csproj", "{4625D1A6-89CE-47D2-B9FA-57636904D2E8}"
EndProject
Project("{FAE04EC0-301F-11D3-BF4B-00C04F79EFBC}") = "VacaBook.Domain", "VacaBook.Domain\VacaBook.Domain.csproj", "{A6FA09D0-80C2-4D38-BCC5-239F1416C76A}"
EndProject
Project("{FAE04EC0-301F-11D3-BF4B-00C04F79EFBC}") = "VacaBook.Application", "VacaBook.Application\VacaBook.Application.csproj", "{0FF72994-93FB-40C9-8D37-BEC3BD949F11}"
EndProject
Project("{FAE04EC0-301F-11D3-BF4B-00C04F79EFBC}") = "VacaBook.Infrastructure", "VacaBook.Infrastructure\VacaBook.Infrastructure.csproj", "{13EEF2A0-3D21-4709-8313-E462FD611A8A}"
EndProject
Global
	GlobalSection(SolutionConfigurationPlatforms) = preSolution
		Debug|Any CPU = Debug|Any CPU
		Release|Any CPU = Release|Any CPU
	EndGlobalSection
	GlobalSection(ProjectConfigurationPlatforms) = postSolution
		{4625D1A6-89CE-47D2-B9FA-57636904D2E8}.Debug|Any CPU.ActiveCfg = Debug|Any CPU
		{4625D1A6-89CE-47D2-B9FA-57636904D2E8}.Debug|Any CPU.Build.0 = Debug|Any CPU
		{4625D1A6-89CE-47D2-B9FA-57636904D2E8}.Release|Any CPU.ActiveCfg = Release|Any CPU
		{4625D1A6-89CE-47D2-B9FA-57636904D2E8}.Release|Any CPU.Build.0 = Release|Any CPU
		{A6FA09D0-80C2-4D38-BCC5-239F1416C76A}.Debug|Any CPU.ActiveCfg = Debug|Any CPU
		{A6FA09D0-80C2-4D38-BCC5-239F1416C76A}.Debug|Any CPU.Build.0 = Debug|Any CPU
		{A6FA09D0-80C2-4D38-BCC5-239F1416C76A}.Release|Any CPU.ActiveCfg = Release|Any CPU
		{A6FA09D0-80C2-4D38-BCC5-239F1416C76A}.Release|Any CPU.Build.0 = Release|Any CPU
		{0FF72994-93FB-40C9-8D37-BEC3BD949F11}.Debug|Any CPU.ActiveCfg = Debug|Any CPU
		{0FF72994-93FB-40C9-8D37-BEC3BD949F11}.Debug|Any CPU.Build.0 = Debug|Any CPU
		{0FF72994-93FB-40C9-8D37-BEC3BD949F11}.Release|Any CPU.ActiveCfg = Release|Any CPU
		{0FF72994-93FB-40C9-8D37-BEC3BD949F11}.Release|Any CPU.Build.0 = Release|Any CPU
		{13EEF2A0-3D21-4709-8313-E462FD611A8A}.Debug|Any CPU.ActiveCfg = Debug|Any CPU
		{13EEF2A0-3D21-4709-8313-E462FD611A8A}.Debug|Any CPU.Build.0 = Debug|Any CPU
		{13EEF2A0-3D21-4709-8313-E462FD611A8A}.Release|Any CPU.ActiveCfg = Release|Any CPU
		{13EEF2A0-3D21-4709-8313-E462FD611A8A}.Release|Any CPU.Build.0 = Release|Any CPU
	EndGlobalSection
	GlobalSection(SolutionProperties) = preSolution
		HideSolutionNode = FALSE
	EndGlobalSection
	GlobalSection(ExtensibilityGlobals) = postSolution
		SolutionGuid = {80D52FA1-FC3A-4622-93B8-C96B8CBC8C1A}
	EndGlobalSection
EndGlobal
